
Microsoft Visual Studio Solution File, Format Version 12.00
# Visual Studio Version 17
VisualStudioVersion = 17.4.33205.214
MinimumVisualStudioVersion = 10.0.40219.1
Project("{FAE04EC0-301F-11D3-BF4B-00C04F79EFBC}") = "eWads", "eWads.csproj", "{5D90018F-6887-49C5-9FEA-D81BDB12DB33}"
EndProject
Project("{FAE04EC0-301F-11D3-BF4B-00C04F79EFBC}") = "eWadsLib", "..\eWadsLib\eWadsLib.csproj", "{06D3E15B-D1F1-48BB-A29B-3C99289424E2}"
EndProject
Global
	GlobalSection(SolutionConfigurationPlatforms) = preSolution
		Debug|Any CPU = Debug|Any CPU
		Release|Any CPU = Release|Any CPU
	EndGlobalSection
	GlobalSection(ProjectConfigurationPlatforms) = postSolution
		{5D90018F-6887-49C5-9FEA-D81BDB12DB33}.Debug|Any CPU.ActiveCfg = Debug|Any CPU
		{5D90018F-6887-49C5-9FEA-D81BDB12DB33}.Debug|Any CPU.Build.0 = Debug|Any CPU
		{5D90018F-6887-49C5-9FEA-D81BDB12DB33}.Release|Any CPU.ActiveCfg = Release|Any CPU
		{5D90018F-6887-49C5-9FEA-D81BDB12DB33}.Release|Any CPU.Build.0 = Release|Any CPU
		{06D3E15B-D1F1-48BB-A29B-3C99289424E2}.Debug|Any CPU.ActiveCfg = Debug|Any CPU
		{06D3E15B-D1F1-48BB-A29B-3C99289424E2}.Debug|Any CPU.Build.0 = Debug|Any CPU
		{06D3E15B-D1F1-48BB-A29B-3C99289424E2}.Release|Any CPU.ActiveCfg = Release|Any CPU
		{06D3E15B-D1F1-48BB-A29B-3C99289424E2}.Release|Any CPU.Build.0 = Release|Any CPU
	EndGlobalSection
	GlobalSection(SolutionProperties) = preSolution
		HideSolutionNode = FALSE
	EndGlobalSection
	GlobalSection(ExtensibilityGlobals) = postSolution
		SolutionGuid = {E9D46C2F-F8EF-4EAA-853B-438C814C383D}
	EndGlobalSection
EndGlobal
